
Microsoft Visual Studio Solution File, Format Version 12.00
Project("{FAE04EC0-301F-11D3-BF4B-00C04F79EFBC}") = "DAL", "DAL\DAL.csproj", "{280E578B-9144-4CCE-9763-2A2D99CF319E}"
EndProject
Project("{FAE04EC0-301F-11D3-BF4B-00C04F79EFBC}") = "BLL", "BLL\BLL.csproj", "{DA27D397-50D2-4B0E-A59B-739683C50738}"
EndProject
Project("{FAE04EC0-301F-11D3-BF4B-00C04F79EFBC}") = "UI", "UI\UI.csproj", "{164A579B-3F88-4004-9EB6-F5A1D02ED8E0}"
EndProject
Project("{FAE04EC0-301F-11D3-BF4B-00C04F79EFBC}") = "WebAPI", "WebAPI\WebAPI.csproj", "{376DF343-3A75-42DD-A8E3-8B4774CBCE02}"
EndProject
Project("{FAE04EC0-301F-11D3-BF4B-00C04F79EFBC}") = "Test", "Test\Test.csproj", "{B5B51E3B-BCED-4301-9A57-D29EC888E918}"
EndProject
Project("{FAE04EC0-301F-11D3-BF4B-00C04F79EFBC}") = "Shared", "Shared\Shared.csproj", "{6AECA08E-1B3A-46FC-89CC-BA66A8995178}"
EndProject
Global
	GlobalSection(SolutionConfigurationPlatforms) = preSolution
		Debug|Any CPU = Debug|Any CPU
		Release|Any CPU = Release|Any CPU
	EndGlobalSection
	GlobalSection(ProjectConfigurationPlatforms) = postSolution
		{280E578B-9144-4CCE-9763-2A2D99CF319E}.Debug|Any CPU.ActiveCfg = Debug|Any CPU
		{280E578B-9144-4CCE-9763-2A2D99CF319E}.Debug|Any CPU.Build.0 = Debug|Any CPU
		{280E578B-9144-4CCE-9763-2A2D99CF319E}.Release|Any CPU.ActiveCfg = Release|Any CPU
		{280E578B-9144-4CCE-9763-2A2D99CF319E}.Release|Any CPU.Build.0 = Release|Any CPU
		{DA27D397-50D2-4B0E-A59B-739683C50738}.Debug|Any CPU.ActiveCfg = Debug|Any CPU
		{DA27D397-50D2-4B0E-A59B-739683C50738}.Debug|Any CPU.Build.0 = Debug|Any CPU
		{DA27D397-50D2-4B0E-A59B-739683C50738}.Release|Any CPU.ActiveCfg = Release|Any CPU
		{DA27D397-50D2-4B0E-A59B-739683C50738}.Release|Any CPU.Build.0 = Release|Any CPU
		{164A579B-3F88-4004-9EB6-F5A1D02ED8E0}.Debug|Any CPU.ActiveCfg = Debug|Any CPU
		{164A579B-3F88-4004-9EB6-F5A1D02ED8E0}.Debug|Any CPU.Build.0 = Debug|Any CPU
		{164A579B-3F88-4004-9EB6-F5A1D02ED8E0}.Release|Any CPU.ActiveCfg = Release|Any CPU
		{164A579B-3F88-4004-9EB6-F5A1D02ED8E0}.Release|Any CPU.Build.0 = Release|Any CPU
		{376DF343-3A75-42DD-A8E3-8B4774CBCE02}.Debug|Any CPU.ActiveCfg = Debug|Any CPU
		{376DF343-3A75-42DD-A8E3-8B4774CBCE02}.Debug|Any CPU.Build.0 = Debug|Any CPU
		{376DF343-3A75-42DD-A8E3-8B4774CBCE02}.Release|Any CPU.ActiveCfg = Release|Any CPU
		{376DF343-3A75-42DD-A8E3-8B4774CBCE02}.Release|Any CPU.Build.0 = Release|Any CPU
		{B5B51E3B-BCED-4301-9A57-D29EC888E918}.Debug|Any CPU.ActiveCfg = Debug|Any CPU
		{B5B51E3B-BCED-4301-9A57-D29EC888E918}.Debug|Any CPU.Build.0 = Debug|Any CPU
		{B5B51E3B-BCED-4301-9A57-D29EC888E918}.Release|Any CPU.ActiveCfg = Release|Any CPU
		{B5B51E3B-BCED-4301-9A57-D29EC888E918}.Release|Any CPU.Build.0 = Release|Any CPU
		{6AECA08E-1B3A-46FC-89CC-BA66A8995178}.Debug|Any CPU.ActiveCfg = Debug|Any CPU
		{6AECA08E-1B3A-46FC-89CC-BA66A8995178}.Debug|Any CPU.Build.0 = Debug|Any CPU
		{6AECA08E-1B3A-46FC-89CC-BA66A8995178}.Release|Any CPU.ActiveCfg = Release|Any CPU
		{6AECA08E-1B3A-46FC-89CC-BA66A8995178}.Release|Any CPU.Build.0 = Release|Any CPU
	EndGlobalSection
EndGlobal
